
Microsoft Visual Studio Solution File, Format Version 12.00
# Visual Studio 15
VisualStudioVersion = 15.0.28307.1022
MinimumVisualStudioVersion = 10.0.40219.1
Project("{FAE04EC0-301F-11D3-BF4B-00C04F79EFBC}") = "Senai.SpMedGroup.WebApi", "Senai.SpMedGroup.WebApi\Senai.SpMedGroup.WebApi.csproj", "{3CD80D84-B97E-4A5A-B70D-A57DD875B240}"
EndProject
Global
	GlobalSection(SolutionConfigurationPlatforms) = preSolution
		Debug|Any CPU = Debug|Any CPU
		Release|Any CPU = Release|Any CPU
	EndGlobalSection
	GlobalSection(ProjectConfigurationPlatforms) = postSolution
		{3CD80D84-B97E-4A5A-B70D-A57DD875B240}.Debug|Any CPU.ActiveCfg = Debug|Any CPU
		{3CD80D84-B97E-4A5A-B70D-A57DD875B240}.Debug|Any CPU.Build.0 = Debug|Any CPU
		{3CD80D84-B97E-4A5A-B70D-A57DD875B240}.Release|Any CPU.ActiveCfg = Release|Any CPU
		{3CD80D84-B97E-4A5A-B70D-A57DD875B240}.Release|Any CPU.Build.0 = Release|Any CPU
	EndGlobalSection
	GlobalSection(SolutionProperties) = preSolution
		HideSolutionNode = FALSE
	EndGlobalSection
	GlobalSection(ExtensibilityGlobals) = postSolution
		SolutionGuid = {09FCC1D7-FC95-46CA-818F-593F745B960F}
	EndGlobalSection
EndGlobal
